
Microsoft Visual Studio Solution File, Format Version 12.00
# Visual Studio Version 17
VisualStudioVersion = 17.0.31903.59
MinimumVisualStudioVersion = 10.0.40219.1
Project("{2150E333-8FDC-42A3-9474-1A3956D46DE8}") = "src", "src", "{A4895304-B54C-450F-A664-424E86806C3E}"
EndProject
Project("{2150E333-8FDC-42A3-9474-1A3956D46DE8}") = "AdminPanel", "AdminPanel", "{BF23EE77-9F54-403A-80F4-9619258DE816}"
EndProject
Project("{FAE04EC0-301F-11D3-BF4B-00C04F79EFBC}") = "Club.AdminPanel.Domain", "src\AdminPanel\Club.AdminPanel.Domain\Club.AdminPanel.Domain.csproj", "{E08CD21F-FF3E-49C8-AB17-8138D6A26668}"
EndProject
Project("{FAE04EC0-301F-11D3-BF4B-00C04F79EFBC}") = "Club.AdminPanel.Web", "src\AdminPanel\Club.AdminPanel.Web\Club.AdminPanel.Web.csproj", "{52A71673-74A8-46DF-A647-A44CEE52FAE6}"
EndProject
Project("{2150E333-8FDC-42A3-9474-1A3956D46DE8}") = "Channel", "Channel", "{38ECE101-14D2-43C6-9752-8C4A1F9119A4}"
EndProject
Project("{FAE04EC0-301F-11D3-BF4B-00C04F79EFBC}") = "Club.Channel.Api", "src\Channel\Club.Channel.Api\Club.Channel.Api.csproj", "{57AD49B6-16F5-41A0-A10E-443CB42F9536}"
EndProject
Project("{FAE04EC0-301F-11D3-BF4B-00C04F79EFBC}") = "Club.Channel.Application", "src\Channel\Club.Channel.Application\Club.Channel.Application.csproj", "{55FBDC21-762B-4DA5-B866-A9B26A682B39}"
EndProject
Project("{2150E333-8FDC-42A3-9474-1A3956D46DE8}") = "Core", "Core", "{74208F59-5EB3-4D04-810B-2BC54D04780C}"
EndProject
Project("{FAE04EC0-301F-11D3-BF4B-00C04F79EFBC}") = "Club.Application", "src\Core\Club.Application\Club.Application.csproj", "{E74559E9-6CEE-47A3-9384-157AD43CC399}"
EndProject
Project("{FAE04EC0-301F-11D3-BF4B-00C04F79EFBC}") = "Club.Domain", "src\Core\Club.Domain\Club.Domain.csproj", "{26BE5E3E-76F1-433C-8390-7F469C0C5783}"
EndProject
Project("{FAE04EC0-301F-11D3-BF4B-00C04F79EFBC}") = "Club.Infrastructure", "src\Core\Club.Infrastructure\Club.Infrastructure.csproj", "{FB244F1D-41FB-41BE-9020-0B1B564D328F}"
EndProject
Project("{2150E333-8FDC-42A3-9474-1A3956D46DE8}") = "CustomerPortal", "CustomerPortal", "{0EA69280-79E5-424A-A24B-224B3AF56DAF}"
EndProject
Project("{FAE04EC0-301F-11D3-BF4B-00C04F79EFBC}") = "Club.CustomerPortal.Api", "src\CustomerPortal\Club.CustomerPortal.Api\Club.CustomerPortal.Api.csproj", "{1ADA3EC9-D814-4D3A-9728-F1C4DB232F38}"
EndProject
Project("{FAE04EC0-301F-11D3-BF4B-00C04F79EFBC}") = "Club.CustomerPortal.Application", "src\CustomerPortal\Club.CustomerPortal.Application\Club.CustomerPortal.Application.csproj", "{6FA4D2BF-DDBD-4969-B413-516C28103CC6}"
EndProject
Project("{2150E333-8FDC-42A3-9474-1A3956D46DE8}") = "EventHandler", "EventHandler", "{2CAFC6F1-3980-43F6-AD2C-A47ADD70F20C}"
EndProject
Project("{FAE04EC0-301F-11D3-BF4B-00C04F79EFBC}") = "Club.EventHandler.Api", "src\EventHandler\Club.EventHandler.Api\Club.EventHandler.Api.csproj", "{2AFA8B30-8D99-43E0-899B-B5C0C2CCDAF1}"
EndProject
Project("{FAE04EC0-301F-11D3-BF4B-00C04F79EFBC}") = "Club.EventHandler.Application", "src\EventHandler\Club.EventHandler.Application\Club.EventHandler.Application.csproj", "{B69DDE8B-9B1C-4C92-B18A-C6E6851AFE07}"
EndProject
Project("{2150E333-8FDC-42A3-9474-1A3956D46DE8}") = "PromotionJobWorker", "PromotionJobWorker", "{31658EFB-358E-44D6-9558-873734C6F107}"
EndProject
Project("{FAE04EC0-301F-11D3-BF4B-00C04F79EFBC}") = "Club.PromotionJobWorker.Api", "src\PromotionJobWorker\Club.PromotionJobWorker.Api\Club.PromotionJobWorker.Api.csproj", "{27E14624-4D8D-460D-818F-D74B4FFAE051}"
EndProject
Project("{FAE04EC0-301F-11D3-BF4B-00C04F79EFBC}") = "Club.PromotionJobWorker.Application", "src\PromotionJobWorker\Club.PromotionJobWorker.Application\Club.PromotionJobWorker.Application.csproj", "{B5CB5217-5A0A-48C5-9BAA-2DE96EFD089C}"
EndProject
Global
	GlobalSection(SolutionConfigurationPlatforms) = preSolution
		Debug|Any CPU = Debug|Any CPU
		Release|Any CPU = Release|Any CPU
	EndGlobalSection
	GlobalSection(SolutionProperties) = preSolution
		HideSolutionNode = FALSE
	EndGlobalSection
	GlobalSection(ProjectConfigurationPlatforms) = postSolution
		{E08CD21F-FF3E-49C8-AB17-8138D6A26668}.Debug|Any CPU.ActiveCfg = Debug|Any CPU
		{E08CD21F-FF3E-49C8-AB17-8138D6A26668}.Debug|Any CPU.Build.0 = Debug|Any CPU
		{E08CD21F-FF3E-49C8-AB17-8138D6A26668}.Release|Any CPU.ActiveCfg = Release|Any CPU
		{E08CD21F-FF3E-49C8-AB17-8138D6A26668}.Release|Any CPU.Build.0 = Release|Any CPU
		{52A71673-74A8-46DF-A647-A44CEE52FAE6}.Debug|Any CPU.ActiveCfg = Debug|Any CPU
		{52A71673-74A8-46DF-A647-A44CEE52FAE6}.Debug|Any CPU.Build.0 = Debug|Any CPU
		{52A71673-74A8-46DF-A647-A44CEE52FAE6}.Release|Any CPU.ActiveCfg = Release|Any CPU
		{52A71673-74A8-46DF-A647-A44CEE52FAE6}.Release|Any CPU.Build.0 = Release|Any CPU
		{57AD49B6-16F5-41A0-A10E-443CB42F9536}.Debug|Any CPU.ActiveCfg = Debug|Any CPU
		{57AD49B6-16F5-41A0-A10E-443CB42F9536}.Debug|Any CPU.Build.0 = Debug|Any CPU
		{57AD49B6-16F5-41A0-A10E-443CB42F9536}.Release|Any CPU.ActiveCfg = Release|Any CPU
		{57AD49B6-16F5-41A0-A10E-443CB42F9536}.Release|Any CPU.Build.0 = Release|Any CPU
		{55FBDC21-762B-4DA5-B866-A9B26A682B39}.Debug|Any CPU.ActiveCfg = Debug|Any CPU
		{55FBDC21-762B-4DA5-B866-A9B26A682B39}.Debug|Any CPU.Build.0 = Debug|Any CPU
		{55FBDC21-762B-4DA5-B866-A9B26A682B39}.Release|Any CPU.ActiveCfg = Release|Any CPU
		{55FBDC21-762B-4DA5-B866-A9B26A682B39}.Release|Any CPU.Build.0 = Release|Any CPU
		{E74559E9-6CEE-47A3-9384-157AD43CC399}.Debug|Any CPU.ActiveCfg = Debug|Any CPU
		{E74559E9-6CEE-47A3-9384-157AD43CC399}.Debug|Any CPU.Build.0 = Debug|Any CPU
		{E74559E9-6CEE-47A3-9384-157AD43CC399}.Release|Any CPU.ActiveCfg = Release|Any CPU
		{E74559E9-6CEE-47A3-9384-157AD43CC399}.Release|Any CPU.Build.0 = Release|Any CPU
		{26BE5E3E-76F1-433C-8390-7F469C0C5783}.Debug|Any CPU.ActiveCfg = Debug|Any CPU
		{26BE5E3E-76F1-433C-8390-7F469C0C5783}.Debug|Any CPU.Build.0 = Debug|Any CPU
		{26BE5E3E-76F1-433C-8390-7F469C0C5783}.Release|Any CPU.ActiveCfg = Release|Any CPU
		{26BE5E3E-76F1-433C-8390-7F469C0C5783}.Release|Any CPU.Build.0 = Release|Any CPU
		{FB244F1D-41FB-41BE-9020-0B1B564D328F}.Debug|Any CPU.ActiveCfg = Debug|Any CPU
		{FB244F1D-41FB-41BE-9020-0B1B564D328F}.Debug|Any CPU.Build.0 = Debug|Any CPU
		{FB244F1D-41FB-41BE-9020-0B1B564D328F}.Release|Any CPU.ActiveCfg = Release|Any CPU
		{FB244F1D-41FB-41BE-9020-0B1B564D328F}.Release|Any CPU.Build.0 = Release|Any CPU
		{1ADA3EC9-D814-4D3A-9728-F1C4DB232F38}.Debug|Any CPU.ActiveCfg = Debug|Any CPU
		{1ADA3EC9-D814-4D3A-9728-F1C4DB232F38}.Debug|Any CPU.Build.0 = Debug|Any CPU
		{1ADA3EC9-D814-4D3A-9728-F1C4DB232F38}.Release|Any CPU.ActiveCfg = Release|Any CPU
		{1ADA3EC9-D814-4D3A-9728-F1C4DB232F38}.Release|Any CPU.Build.0 = Release|Any CPU
		{6FA4D2BF-DDBD-4969-B413-516C28103CC6}.Debug|Any CPU.ActiveCfg = Debug|Any CPU
		{6FA4D2BF-DDBD-4969-B413-516C28103CC6}.Debug|Any CPU.Build.0 = Debug|Any CPU
		{6FA4D2BF-DDBD-4969-B413-516C28103CC6}.Release|Any CPU.ActiveCfg = Release|Any CPU
		{6FA4D2BF-DDBD-4969-B413-516C28103CC6}.Release|Any CPU.Build.0 = Release|Any CPU
		{2AFA8B30-8D99-43E0-899B-B5C0C2CCDAF1}.Debug|Any CPU.ActiveCfg = Debug|Any CPU
		{2AFA8B30-8D99-43E0-899B-B5C0C2CCDAF1}.Debug|Any CPU.Build.0 = Debug|Any CPU
		{2AFA8B30-8D99-43E0-899B-B5C0C2CCDAF1}.Release|Any CPU.ActiveCfg = Release|Any CPU
		{2AFA8B30-8D99-43E0-899B-B5C0C2CCDAF1}.Release|Any CPU.Build.0 = Release|Any CPU
		{B69DDE8B-9B1C-4C92-B18A-C6E6851AFE07}.Debug|Any CPU.ActiveCfg = Debug|Any CPU
		{B69DDE8B-9B1C-4C92-B18A-C6E6851AFE07}.Debug|Any CPU.Build.0 = Debug|Any CPU
		{B69DDE8B-9B1C-4C92-B18A-C6E6851AFE07}.Release|Any CPU.ActiveCfg = Release|Any CPU
		{B69DDE8B-9B1C-4C92-B18A-C6E6851AFE07}.Release|Any CPU.Build.0 = Release|Any CPU
		{27E14624-4D8D-460D-818F-D74B4FFAE051}.Debug|Any CPU.ActiveCfg = Debug|Any CPU
		{27E14624-4D8D-460D-818F-D74B4FFAE051}.Debug|Any CPU.Build.0 = Debug|Any CPU
		{27E14624-4D8D-460D-818F-D74B4FFAE051}.Release|Any CPU.ActiveCfg = Release|Any CPU
		{27E14624-4D8D-460D-818F-D74B4FFAE051}.Release|Any CPU.Build.0 = Release|Any CPU
		{B5CB5217-5A0A-48C5-9BAA-2DE96EFD089C}.Debug|Any CPU.ActiveCfg = Debug|Any CPU
		{B5CB5217-5A0A-48C5-9BAA-2DE96EFD089C}.Debug|Any CPU.Build.0 = Debug|Any CPU
		{B5CB5217-5A0A-48C5-9BAA-2DE96EFD089C}.Release|Any CPU.ActiveCfg = Release|Any CPU
		{B5CB5217-5A0A-48C5-9BAA-2DE96EFD089C}.Release|Any CPU.Build.0 = Release|Any CPU
	EndGlobalSection
	GlobalSection(NestedProjects) = preSolution
		{BF23EE77-9F54-403A-80F4-9619258DE816} = {A4895304-B54C-450F-A664-424E86806C3E}
		{E08CD21F-FF3E-49C8-AB17-8138D6A26668} = {BF23EE77-9F54-403A-80F4-9619258DE816}
		{52A71673-74A8-46DF-A647-A44CEE52FAE6} = {BF23EE77-9F54-403A-80F4-9619258DE816}
		{38ECE101-14D2-43C6-9752-8C4A1F9119A4} = {A4895304-B54C-450F-A664-424E86806C3E}
		{57AD49B6-16F5-41A0-A10E-443CB42F9536} = {38ECE101-14D2-43C6-9752-8C4A1F9119A4}
		{55FBDC21-762B-4DA5-B866-A9B26A682B39} = {38ECE101-14D2-43C6-9752-8C4A1F9119A4}
		{74208F59-5EB3-4D04-810B-2BC54D04780C} = {A4895304-B54C-450F-A664-424E86806C3E}
		{E74559E9-6CEE-47A3-9384-157AD43CC399} = {74208F59-5EB3-4D04-810B-2BC54D04780C}
		{26BE5E3E-76F1-433C-8390-7F469C0C5783} = {74208F59-5EB3-4D04-810B-2BC54D04780C}
		{FB244F1D-41FB-41BE-9020-0B1B564D328F} = {74208F59-5EB3-4D04-810B-2BC54D04780C}
		{0EA69280-79E5-424A-A24B-224B3AF56DAF} = {A4895304-B54C-450F-A664-424E86806C3E}
		{1ADA3EC9-D814-4D3A-9728-F1C4DB232F38} = {0EA69280-79E5-424A-A24B-224B3AF56DAF}
		{6FA4D2BF-DDBD-4969-B413-516C28103CC6} = {0EA69280-79E5-424A-A24B-224B3AF56DAF}
		{2CAFC6F1-3980-43F6-AD2C-A47ADD70F20C} = {A4895304-B54C-450F-A664-424E86806C3E}
		{2AFA8B30-8D99-43E0-899B-B5C0C2CCDAF1} = {2CAFC6F1-3980-43F6-AD2C-A47ADD70F20C}
		{B69DDE8B-9B1C-4C92-B18A-C6E6851AFE07} = {2CAFC6F1-3980-43F6-AD2C-A47ADD70F20C}
		{31658EFB-358E-44D6-9558-873734C6F107} = {A4895304-B54C-450F-A664-424E86806C3E}
		{27E14624-4D8D-460D-818F-D74B4FFAE051} = {31658EFB-358E-44D6-9558-873734C6F107}
		{B5CB5217-5A0A-48C5-9BAA-2DE96EFD089C} = {31658EFB-358E-44D6-9558-873734C6F107}
	EndGlobalSection
EndGlobal
