
Microsoft Visual Studio Solution File, Format Version 12.00
# Visual Studio Version 17
VisualStudioVersion = 17.0.31903.59
MinimumVisualStudioVersion = 10.0.40219.1
Project("{2150E333-8FDC-42A3-9474-1A3956D46DE8}") = "src", "src", "{927ED53F-AFD1-4D45-98E2-6751ACCCC6D4}"
EndProject
Project("{2150E333-8FDC-42A3-9474-1A3956D46DE8}") = "Core", "Core", "{B9AD6877-8D02-4634-BA8C-843757FE324A}"
EndProject
Project("{FAE04EC0-301F-11D3-BF4B-00C04F79EFBC}") = "Club.Domain", "src\Core\Club.Domain\Club.Domain.csproj", "{B7D91D04-C098-4F4E-9B23-D58CDC94D54A}"
EndProject
Project("{FAE04EC0-301F-11D3-BF4B-00C04F79EFBC}") = "Club.Application", "src\Core\Club.Application\Club.Application.csproj", "{8FB7B152-1F8A-4F28-810B-D7FD1FD228EC}"
EndProject
Project("{FAE04EC0-301F-11D3-BF4B-00C04F79EFBC}") = "Club.Infrastructure", "src\Core\Club.Infrastructure\Club.Infrastructure.csproj", "{A31D17FE-42A8-4EEC-BB72-35AE0C6E6943}"
EndProject
Project("{2150E333-8FDC-42A3-9474-1A3956D46DE8}") = "Channel", "Channel", "{6551BCDE-D7CF-4DDF-BCD3-35D15BFFAF28}"
EndProject
Project("{FAE04EC0-301F-11D3-BF4B-00C04F79EFBC}") = "Club.Channel.Application", "src\Channel\Club.Channel.Application\Club.Channel.Application.csproj", "{8398DFDD-21D8-4D95-A88C-6333831A7987}"
EndProject
Project("{FAE04EC0-301F-11D3-BF4B-00C04F79EFBC}") = "Club.Channel.Api", "src\Channel\Club.Channel.Api\Club.Channel.Api.csproj", "{43586731-AE3B-4481-B6BC-0164192B7FB6}"
EndProject
Project("{2150E333-8FDC-42A3-9474-1A3956D46DE8}") = "CustomerPortal", "CustomerPortal", "{B907BF1D-A23A-4246-8346-3EA88514C348}"
EndProject
Project("{FAE04EC0-301F-11D3-BF4B-00C04F79EFBC}") = "Club.CustomerPortal.Application", "src\CustomerPortal\Club.CustomerPortal.Application\Club.CustomerPortal.Application.csproj", "{AA1DFEF4-A4CB-4421-B623-7EEC94B9F334}"
EndProject
Project("{FAE04EC0-301F-11D3-BF4B-00C04F79EFBC}") = "Club.CustomerPortal.Api", "src\CustomerPortal\Club.CustomerPortal.Api\Club.CustomerPortal.Api.csproj", "{1C0860E6-D4F5-41C1-947B-1A16EDACCB58}"
EndProject
Project("{2150E333-8FDC-42A3-9474-1A3956D46DE8}") = "AdminPanel", "AdminPanel", "{2CB2006A-4919-4C73-8778-B506906389FD}"
EndProject
Project("{FAE04EC0-301F-11D3-BF4B-00C04F79EFBC}") = "Club.AdminPanel.Domain", "src\AdminPanel\Club.AdminPanel.Domain\Club.AdminPanel.Domain.csproj", "{65CC8102-0162-4172-AAD6-BBFC9F94FE00}"
EndProject
Project("{FAE04EC0-301F-11D3-BF4B-00C04F79EFBC}") = "Club.AdminPanel.Web", "src\AdminPanel\Club.AdminPanel.Web\Club.AdminPanel.Web.csproj", "{66E79A0C-6ED3-468F-8AA9-9DFACA5834E4}"
EndProject
Project("{2150E333-8FDC-42A3-9474-1A3956D46DE8}") = "EventHandler", "EventHandler", "{777F397D-45FA-45D6-86DD-EA6F358806BC}"
EndProject
Project("{FAE04EC0-301F-11D3-BF4B-00C04F79EFBC}") = "Club.EventHandler.Application", "src\EventHandler\Club.EventHandler.Application\Club.EventHandler.Application.csproj", "{31AF7897-0343-489B-953D-F7FDCE364F55}"
EndProject
Project("{FAE04EC0-301F-11D3-BF4B-00C04F79EFBC}") = "Club.EventHandler.Api", "src\EventHandler\Club.EventHandler.Api\Club.EventHandler.Api.csproj", "{E97FA438-4A73-4E38-AF46-2D349408995B}"
EndProject
Project("{2150E333-8FDC-42A3-9474-1A3956D46DE8}") = "PromotionJobWorker", "PromotionJobWorker", "{BAB349D5-95DA-4FD2-90B8-E382CBFCC8FB}"
EndProject
Project("{FAE04EC0-301F-11D3-BF4B-00C04F79EFBC}") = "Club.PromotionJobWorker.Application", "src\PromotionJobWorker\Club.PromotionJobWorker.Application\Club.PromotionJobWorker.Application.csproj", "{C1AAA4AA-C4AF-4944-9F0A-343F917715A8}"
EndProject
Project("{FAE04EC0-301F-11D3-BF4B-00C04F79EFBC}") = "Club.PromotionJobWorker.Api", "src\PromotionJobWorker\Club.PromotionJobWorker.Api\Club.PromotionJobWorker.Api.csproj", "{B5601FEE-1B32-4C97-92C2-217B21BFC0E4}"
EndProject
Global
	GlobalSection(SolutionConfigurationPlatforms) = preSolution
		Debug|Any CPU = Debug|Any CPU
		Release|Any CPU = Release|Any CPU
	EndGlobalSection
	GlobalSection(SolutionProperties) = preSolution
		HideSolutionNode = FALSE
	EndGlobalSection
	GlobalSection(ProjectConfigurationPlatforms) = postSolution
		{B7D91D04-C098-4F4E-9B23-D58CDC94D54A}.Debug|Any CPU.ActiveCfg = Debug|Any CPU
		{B7D91D04-C098-4F4E-9B23-D58CDC94D54A}.Debug|Any CPU.Build.0 = Debug|Any CPU
		{B7D91D04-C098-4F4E-9B23-D58CDC94D54A}.Release|Any CPU.ActiveCfg = Release|Any CPU
		{B7D91D04-C098-4F4E-9B23-D58CDC94D54A}.Release|Any CPU.Build.0 = Release|Any CPU
		{8FB7B152-1F8A-4F28-810B-D7FD1FD228EC}.Debug|Any CPU.ActiveCfg = Debug|Any CPU
		{8FB7B152-1F8A-4F28-810B-D7FD1FD228EC}.Debug|Any CPU.Build.0 = Debug|Any CPU
		{8FB7B152-1F8A-4F28-810B-D7FD1FD228EC}.Release|Any CPU.ActiveCfg = Release|Any CPU
		{8FB7B152-1F8A-4F28-810B-D7FD1FD228EC}.Release|Any CPU.Build.0 = Release|Any CPU
		{A31D17FE-42A8-4EEC-BB72-35AE0C6E6943}.Debug|Any CPU.ActiveCfg = Debug|Any CPU
		{A31D17FE-42A8-4EEC-BB72-35AE0C6E6943}.Debug|Any CPU.Build.0 = Debug|Any CPU
		{A31D17FE-42A8-4EEC-BB72-35AE0C6E6943}.Release|Any CPU.ActiveCfg = Release|Any CPU
		{A31D17FE-42A8-4EEC-BB72-35AE0C6E6943}.Release|Any CPU.Build.0 = Release|Any CPU
		{8398DFDD-21D8-4D95-A88C-6333831A7987}.Debug|Any CPU.ActiveCfg = Debug|Any CPU
		{8398DFDD-21D8-4D95-A88C-6333831A7987}.Debug|Any CPU.Build.0 = Debug|Any CPU
		{8398DFDD-21D8-4D95-A88C-6333831A7987}.Release|Any CPU.ActiveCfg = Release|Any CPU
		{8398DFDD-21D8-4D95-A88C-6333831A7987}.Release|Any CPU.Build.0 = Release|Any CPU
		{43586731-AE3B-4481-B6BC-0164192B7FB6}.Debug|Any CPU.ActiveCfg = Debug|Any CPU
		{43586731-AE3B-4481-B6BC-0164192B7FB6}.Debug|Any CPU.Build.0 = Debug|Any CPU
		{43586731-AE3B-4481-B6BC-0164192B7FB6}.Release|Any CPU.ActiveCfg = Release|Any CPU
		{43586731-AE3B-4481-B6BC-0164192B7FB6}.Release|Any CPU.Build.0 = Release|Any CPU
		{AA1DFEF4-A4CB-4421-B623-7EEC94B9F334}.Debug|Any CPU.ActiveCfg = Debug|Any CPU
		{AA1DFEF4-A4CB-4421-B623-7EEC94B9F334}.Debug|Any CPU.Build.0 = Debug|Any CPU
		{AA1DFEF4-A4CB-4421-B623-7EEC94B9F334}.Release|Any CPU.ActiveCfg = Release|Any CPU
		{AA1DFEF4-A4CB-4421-B623-7EEC94B9F334}.Release|Any CPU.Build.0 = Release|Any CPU
		{1C0860E6-D4F5-41C1-947B-1A16EDACCB58}.Debug|Any CPU.ActiveCfg = Debug|Any CPU
		{1C0860E6-D4F5-41C1-947B-1A16EDACCB58}.Debug|Any CPU.Build.0 = Debug|Any CPU
		{1C0860E6-D4F5-41C1-947B-1A16EDACCB58}.Release|Any CPU.ActiveCfg = Release|Any CPU
		{1C0860E6-D4F5-41C1-947B-1A16EDACCB58}.Release|Any CPU.Build.0 = Release|Any CPU
		{65CC8102-0162-4172-AAD6-BBFC9F94FE00}.Debug|Any CPU.ActiveCfg = Debug|Any CPU
		{65CC8102-0162-4172-AAD6-BBFC9F94FE00}.Debug|Any CPU.Build.0 = Debug|Any CPU
		{65CC8102-0162-4172-AAD6-BBFC9F94FE00}.Release|Any CPU.ActiveCfg = Release|Any CPU
		{65CC8102-0162-4172-AAD6-BBFC9F94FE00}.Release|Any CPU.Build.0 = Release|Any CPU
		{66E79A0C-6ED3-468F-8AA9-9DFACA5834E4}.Debug|Any CPU.ActiveCfg = Debug|Any CPU
		{66E79A0C-6ED3-468F-8AA9-9DFACA5834E4}.Debug|Any CPU.Build.0 = Debug|Any CPU
		{66E79A0C-6ED3-468F-8AA9-9DFACA5834E4}.Release|Any CPU.ActiveCfg = Release|Any CPU
		{66E79A0C-6ED3-468F-8AA9-9DFACA5834E4}.Release|Any CPU.Build.0 = Release|Any CPU
		{31AF7897-0343-489B-953D-F7FDCE364F55}.Debug|Any CPU.ActiveCfg = Debug|Any CPU
		{31AF7897-0343-489B-953D-F7FDCE364F55}.Debug|Any CPU.Build.0 = Debug|Any CPU
		{31AF7897-0343-489B-953D-F7FDCE364F55}.Release|Any CPU.ActiveCfg = Release|Any CPU
		{31AF7897-0343-489B-953D-F7FDCE364F55}.Release|Any CPU.Build.0 = Release|Any CPU
		{E97FA438-4A73-4E38-AF46-2D349408995B}.Debug|Any CPU.ActiveCfg = Debug|Any CPU
		{E97FA438-4A73-4E38-AF46-2D349408995B}.Debug|Any CPU.Build.0 = Debug|Any CPU
		{E97FA438-4A73-4E38-AF46-2D349408995B}.Release|Any CPU.ActiveCfg = Release|Any CPU
		{E97FA438-4A73-4E38-AF46-2D349408995B}.Release|Any CPU.Build.0 = Release|Any CPU
		{C1AAA4AA-C4AF-4944-9F0A-343F917715A8}.Debug|Any CPU.ActiveCfg = Debug|Any CPU
		{C1AAA4AA-C4AF-4944-9F0A-343F917715A8}.Debug|Any CPU.Build.0 = Debug|Any CPU
		{C1AAA4AA-C4AF-4944-9F0A-343F917715A8}.Release|Any CPU.ActiveCfg = Release|Any CPU
		{C1AAA4AA-C4AF-4944-9F0A-343F917715A8}.Release|Any CPU.Build.0 = Release|Any CPU
		{B5601FEE-1B32-4C97-92C2-217B21BFC0E4}.Debug|Any CPU.ActiveCfg = Debug|Any CPU
		{B5601FEE-1B32-4C97-92C2-217B21BFC0E4}.Debug|Any CPU.Build.0 = Debug|Any CPU
		{B5601FEE-1B32-4C97-92C2-217B21BFC0E4}.Release|Any CPU.ActiveCfg = Release|Any CPU
		{B5601FEE-1B32-4C97-92C2-217B21BFC0E4}.Release|Any CPU.Build.0 = Release|Any CPU
	EndGlobalSection
	GlobalSection(NestedProjects) = preSolution
		{B9AD6877-8D02-4634-BA8C-843757FE324A} = {927ED53F-AFD1-4D45-98E2-6751ACCCC6D4}
		{B7D91D04-C098-4F4E-9B23-D58CDC94D54A} = {B9AD6877-8D02-4634-BA8C-843757FE324A}
		{8FB7B152-1F8A-4F28-810B-D7FD1FD228EC} = {B9AD6877-8D02-4634-BA8C-843757FE324A}
		{A31D17FE-42A8-4EEC-BB72-35AE0C6E6943} = {B9AD6877-8D02-4634-BA8C-843757FE324A}
		{6551BCDE-D7CF-4DDF-BCD3-35D15BFFAF28} = {927ED53F-AFD1-4D45-98E2-6751ACCCC6D4}
		{8398DFDD-21D8-4D95-A88C-6333831A7987} = {6551BCDE-D7CF-4DDF-BCD3-35D15BFFAF28}
		{43586731-AE3B-4481-B6BC-0164192B7FB6} = {6551BCDE-D7CF-4DDF-BCD3-35D15BFFAF28}
		{B907BF1D-A23A-4246-8346-3EA88514C348} = {927ED53F-AFD1-4D45-98E2-6751ACCCC6D4}
		{AA1DFEF4-A4CB-4421-B623-7EEC94B9F334} = {B907BF1D-A23A-4246-8346-3EA88514C348}
		{1C0860E6-D4F5-41C1-947B-1A16EDACCB58} = {B907BF1D-A23A-4246-8346-3EA88514C348}
		{2CB2006A-4919-4C73-8778-B506906389FD} = {927ED53F-AFD1-4D45-98E2-6751ACCCC6D4}
		{65CC8102-0162-4172-AAD6-BBFC9F94FE00} = {2CB2006A-4919-4C73-8778-B506906389FD}
		{66E79A0C-6ED3-468F-8AA9-9DFACA5834E4} = {2CB2006A-4919-4C73-8778-B506906389FD}
		{777F397D-45FA-45D6-86DD-EA6F358806BC} = {927ED53F-AFD1-4D45-98E2-6751ACCCC6D4}
		{31AF7897-0343-489B-953D-F7FDCE364F55} = {777F397D-45FA-45D6-86DD-EA6F358806BC}
		{E97FA438-4A73-4E38-AF46-2D349408995B} = {777F397D-45FA-45D6-86DD-EA6F358806BC}
		{BAB349D5-95DA-4FD2-90B8-E382CBFCC8FB} = {927ED53F-AFD1-4D45-98E2-6751ACCCC6D4}
		{C1AAA4AA-C4AF-4944-9F0A-343F917715A8} = {BAB349D5-95DA-4FD2-90B8-E382CBFCC8FB}
		{B5601FEE-1B32-4C97-92C2-217B21BFC0E4} = {BAB349D5-95DA-4FD2-90B8-E382CBFCC8FB}
	EndGlobalSection
EndGlobal
